
Microsoft Visual Studio Solution File, Format Version 12.00
# Visual Studio Version 17
VisualStudioVersion = 17.7.34024.191
MinimumVisualStudioVersion = 10.0.40219.1
Project("{8BC9CEB8-8B4A-11D0-8D11-00A0C91BC942}") = "DSA Assignment 1", "DSA Assignment 1\DSA Assignment 1.vcxproj", "{665C2BA4-2A3C-44AF-B7DC-3ADFFA0B1201}"
EndProject
Global
	GlobalSection(SolutionConfigurationPlatforms) = preSolution
		Debug|x64 = Debug|x64
		Debug|x86 = Debug|x86
		Release|x64 = Release|x64
		Release|x86 = Release|x86
	EndGlobalSection
	GlobalSection(ProjectConfigurationPlatforms) = postSolution
		{665C2BA4-2A3C-44AF-B7DC-3ADFFA0B1201}.Debug|x64.ActiveCfg = Debug|x64
		{665C2BA4-2A3C-44AF-B7DC-3ADFFA0B1201}.Debug|x64.Build.0 = Debug|x64
		{665C2BA4-2A3C-44AF-B7DC-3ADFFA0B1201}.Debug|x86.ActiveCfg = Debug|Win32
		{665C2BA4-2A3C-44AF-B7DC-3ADFFA0B1201}.Debug|x86.Build.0 = Debug|Win32
		{665C2BA4-2A3C-44AF-B7DC-3ADFFA0B1201}.Release|x64.ActiveCfg = Release|x64
		{665C2BA4-2A3C-44AF-B7DC-3ADFFA0B1201}.Release|x64.Build.0 = Release|x64
		{665C2BA4-2A3C-44AF-B7DC-3ADFFA0B1201}.Release|x86.ActiveCfg = Release|Win32
		{665C2BA4-2A3C-44AF-B7DC-3ADFFA0B1201}.Release|x86.Build.0 = Release|Win32
	EndGlobalSection
	GlobalSection(SolutionProperties) = preSolution
		HideSolutionNode = FALSE
	EndGlobalSection
	GlobalSection(ExtensibilityGlobals) = postSolution
		SolutionGuid = {A073BCE4-5CC7-4518-9305-9D52B40A0DE9}
	EndGlobalSection
EndGlobal
